
Microsoft Visual Studio Solution File, Format Version 12.00
# Visual Studio Version 17
VisualStudioVersion = 17.2.32616.157
MinimumVisualStudioVersion = 10.0.40219.1
Project("{9A19103F-16F7-4668-BE54-9A1E7A4F7556}") = "WebApplication2.0", "WebApplication2.0.csproj", "{000318F8-50ED-4343-80C3-58CDB0C2CD2F}"
EndProject
Project("{9A19103F-16F7-4668-BE54-9A1E7A4F7556}") = "WebAppTest", "..\WebAppTest\WebAppTest.csproj", "{7FE6E400-9064-4508-ADEF-21B2F88BCE55}"
EndProject
Global
	GlobalSection(SolutionConfigurationPlatforms) = preSolution
		Debug|Any CPU = Debug|Any CPU
		Release|Any CPU = Release|Any CPU
	EndGlobalSection
	GlobalSection(ProjectConfigurationPlatforms) = postSolution
		{000318F8-50ED-4343-80C3-58CDB0C2CD2F}.Debug|Any CPU.ActiveCfg = Debug|Any CPU
		{000318F8-50ED-4343-80C3-58CDB0C2CD2F}.Debug|Any CPU.Build.0 = Debug|Any CPU
		{000318F8-50ED-4343-80C3-58CDB0C2CD2F}.Release|Any CPU.ActiveCfg = Release|Any CPU
		{000318F8-50ED-4343-80C3-58CDB0C2CD2F}.Release|Any CPU.Build.0 = Release|Any CPU
		{7FE6E400-9064-4508-ADEF-21B2F88BCE55}.Debug|Any CPU.ActiveCfg = Debug|Any CPU
		{7FE6E400-9064-4508-ADEF-21B2F88BCE55}.Debug|Any CPU.Build.0 = Debug|Any CPU
		{7FE6E400-9064-4508-ADEF-21B2F88BCE55}.Release|Any CPU.ActiveCfg = Release|Any CPU
		{7FE6E400-9064-4508-ADEF-21B2F88BCE55}.Release|Any CPU.Build.0 = Release|Any CPU
	EndGlobalSection
	GlobalSection(SolutionProperties) = preSolution
		HideSolutionNode = FALSE
	EndGlobalSection
	GlobalSection(ExtensibilityGlobals) = postSolution
		SolutionGuid = {D9A6E915-4372-4725-9155-8FAF57C48C18}
	EndGlobalSection
EndGlobal
